
Microsoft Visual Studio Solution File, Format Version 12.00
# Visual Studio Version 17
VisualStudioVersion = 17.1.32210.238
MinimumVisualStudioVersion = 10.0.40219.1
Project("{9A19103F-16F7-4668-BE54-9A1E7A4F7556}") = "HotelReservatonSystem", "HotelReservatonSystem.csproj", "{F885D021-1CE7-4E0F-835B-3AA1AB66C920}"
EndProject
Project("{FAE04EC0-301F-11D3-BF4B-00C04F79EFBC}") = "HotelReservationTest", "..\HotelReservationTest\HotelReservationTest.csproj", "{5EF918C5-AEEC-4286-B987-A55028D8F234}"
	ProjectSection(ProjectDependencies) = postProject
		{F885D021-1CE7-4E0F-835B-3AA1AB66C920} = {F885D021-1CE7-4E0F-835B-3AA1AB66C920}
	EndProjectSection
EndProject
Global
	GlobalSection(SolutionConfigurationPlatforms) = preSolution
		Debug|Any CPU = Debug|Any CPU
		Release|Any CPU = Release|Any CPU
	EndGlobalSection
	GlobalSection(ProjectConfigurationPlatforms) = postSolution
		{F885D021-1CE7-4E0F-835B-3AA1AB66C920}.Debug|Any CPU.ActiveCfg = Debug|Any CPU
		{F885D021-1CE7-4E0F-835B-3AA1AB66C920}.Debug|Any CPU.Build.0 = Debug|Any CPU
		{F885D021-1CE7-4E0F-835B-3AA1AB66C920}.Release|Any CPU.ActiveCfg = Release|Any CPU
		{F885D021-1CE7-4E0F-835B-3AA1AB66C920}.Release|Any CPU.Build.0 = Release|Any CPU
		{5EF918C5-AEEC-4286-B987-A55028D8F234}.Debug|Any CPU.ActiveCfg = Debug|Any CPU
		{5EF918C5-AEEC-4286-B987-A55028D8F234}.Debug|Any CPU.Build.0 = Debug|Any CPU
		{5EF918C5-AEEC-4286-B987-A55028D8F234}.Release|Any CPU.ActiveCfg = Release|Any CPU
		{5EF918C5-AEEC-4286-B987-A55028D8F234}.Release|Any CPU.Build.0 = Release|Any CPU
	EndGlobalSection
	GlobalSection(SolutionProperties) = preSolution
		HideSolutionNode = FALSE
	EndGlobalSection
	GlobalSection(ExtensibilityGlobals) = postSolution
		SolutionGuid = {AE6D288C-DDFA-40A9-AF4F-74753C8BA701}
	EndGlobalSection
EndGlobal
